
Microsoft Visual Studio Solution File, Format Version 12.00
# Visual Studio for Mac
Project("{FAE04EC0-301F-11D3-BF4B-00C04F79EFBC}") = "AR3f-v01b", "Assembly-CSharp.csproj", "{E5DD2EB7-C3F8-E124-BD3E-1EFB0E8D9A93}"
EndProject
Global
	GlobalSection(SolutionConfigurationPlatforms) = preSolution
		Debug|Any CPU = Debug|Any CPU
		Release|Any CPU = Release|Any CPU
	EndGlobalSection
	GlobalSection(ProjectConfigurationPlatforms) = postSolution
		{E5DD2EB7-C3F8-E124-BD3E-1EFB0E8D9A93}.Debug|Any CPU.ActiveCfg = Debug|Any CPU
		{E5DD2EB7-C3F8-E124-BD3E-1EFB0E8D9A93}.Debug|Any CPU.Build.0 = Debug|Any CPU
		{E5DD2EB7-C3F8-E124-BD3E-1EFB0E8D9A93}.Release|Any CPU.ActiveCfg = Release|Any CPU
		{E5DD2EB7-C3F8-E124-BD3E-1EFB0E8D9A93}.Release|Any CPU.Build.0 = Release|Any CPU
	EndGlobalSection
	GlobalSection(SolutionProperties) = preSolution
		HideSolutionNode = FALSE
	EndGlobalSection
	GlobalSection(MonoDevelopProperties) = preSolution
		StartupItem = Assembly-CSharp.csproj
	EndGlobalSection
EndGlobal
